{
  "name": "Minecraft-WebGPU",
  "lockfileVersion": 3,
  "requires": true,
  "packages": {
    "": {
      "dependencies": {
        "wgsl-preprocessor": "^1.0.1"
      }
    },
    "node_modules/wgsl-preprocessor": {
      "version": "1.0.1",
      "resolved": "https://registry.npmjs.org/wgsl-preprocessor/-/wgsl-preprocessor-1.0.1.tgz",
      "integrity": "sha512-imgQlBJs3UAFam3bzMQwT2SIxXduwAU2bPTCZR+bCfIEdTCSh054n9BRwiB9tRpWSC/+8zvkrABqkM/hSK2f/A==",
      "license": "MIT"
    }
  }
}
